
Microsoft Visual Studio Solution File, Format Version 12.00
# Visual Studio Version 16
VisualStudioVersion = 16.0.29509.3
MinimumVisualStudioVersion = 10.0.40219.1
Project("{FAE04EC0-301F-11D3-BF4B-00C04F79EFBC}") = "HW1", "HW1\HW1.csproj", "{A96B0411-E6AB-48C3-91D7-8D79F48364AD}"
EndProject
Global
	GlobalSection(SolutionConfigurationPlatforms) = preSolution
		Debug|Any CPU = Debug|Any CPU
		Release|Any CPU = Release|Any CPU
	EndGlobalSection
	GlobalSection(ProjectConfigurationPlatforms) = postSolution
		{A96B0411-E6AB-48C3-91D7-8D79F48364AD}.Debug|Any CPU.ActiveCfg = Debug|Any CPU
		{A96B0411-E6AB-48C3-91D7-8D79F48364AD}.Debug|Any CPU.Build.0 = Debug|Any CPU
		{A96B0411-E6AB-48C3-91D7-8D79F48364AD}.Release|Any CPU.ActiveCfg = Release|Any CPU
		{A96B0411-E6AB-48C3-91D7-8D79F48364AD}.Release|Any CPU.Build.0 = Release|Any CPU
	EndGlobalSection
	GlobalSection(SolutionProperties) = preSolution
		HideSolutionNode = FALSE
	EndGlobalSection
	GlobalSection(ExtensibilityGlobals) = postSolution
		SolutionGuid = {2FF7CBED-3857-4ACB-8C09-D6AB60490A27}
	EndGlobalSection
EndGlobal
